
Microsoft Visual Studio Solution File, Format Version 12.00
# Visual Studio Version 16
VisualStudioVersion = 16.0.31729.503
MinimumVisualStudioVersion = 10.0.40219.1
Project("{FAE04EC0-301F-11D3-BF4B-00C04F79EFBC}") = "Engine", "Engine\Engine.csproj", "{8DC954BA-AB5A-43EA-829C-7EF87C022082}"
EndProject
Project("{FAE04EC0-301F-11D3-BF4B-00C04F79EFBC}") = "SuperAdventure", "SuperAdventure\SuperAdventure.csproj", "{ADAC02B5-DD81-40F9-B645-80A31500997A}"
EndProject
Global
	GlobalSection(SolutionConfigurationPlatforms) = preSolution
		Debug|Any CPU = Debug|Any CPU
		Release|Any CPU = Release|Any CPU
	EndGlobalSection
	GlobalSection(ProjectConfigurationPlatforms) = postSolution
		{8DC954BA-AB5A-43EA-829C-7EF87C022082}.Debug|Any CPU.ActiveCfg = Debug|Any CPU
		{8DC954BA-AB5A-43EA-829C-7EF87C022082}.Debug|Any CPU.Build.0 = Debug|Any CPU
		{8DC954BA-AB5A-43EA-829C-7EF87C022082}.Release|Any CPU.ActiveCfg = Release|Any CPU
		{8DC954BA-AB5A-43EA-829C-7EF87C022082}.Release|Any CPU.Build.0 = Release|Any CPU
		{ADAC02B5-DD81-40F9-B645-80A31500997A}.Debug|Any CPU.ActiveCfg = Debug|Any CPU
		{ADAC02B5-DD81-40F9-B645-80A31500997A}.Debug|Any CPU.Build.0 = Debug|Any CPU
		{ADAC02B5-DD81-40F9-B645-80A31500997A}.Release|Any CPU.ActiveCfg = Release|Any CPU
		{ADAC02B5-DD81-40F9-B645-80A31500997A}.Release|Any CPU.Build.0 = Release|Any CPU
	EndGlobalSection
	GlobalSection(SolutionProperties) = preSolution
		HideSolutionNode = FALSE
	EndGlobalSection
	GlobalSection(ExtensibilityGlobals) = postSolution
		SolutionGuid = {F6095989-0CF4-45BB-A8CF-F211D81BD6EB}
	EndGlobalSection
EndGlobal
